
Microsoft Visual Studio Solution File, Format Version 12.00
# Visual Studio Version 17
VisualStudioVersion = 17.3.32819.101
MinimumVisualStudioVersion = 10.0.40219.1
Project("{2150E333-8FDC-42A3-9474-1A3956D46DE8}") = "Pagamentos", "Pagamentos", "{27145D0B-7269-4AF9-855F-75E996F7C3F7}"
EndProject
Project("{2150E333-8FDC-42A3-9474-1A3956D46DE8}") = "1-Servicos", "1-Servicos", "{767DD923-F024-4628-A51B-04CDA84141E4}"
EndProject
Project("{2150E333-8FDC-42A3-9474-1A3956D46DE8}") = "2-Aplicacao", "2-Aplicacao", "{C376B12E-8493-48BB-ADD3-8AAC9AE7BBD5}"
EndProject
Project("{2150E333-8FDC-42A3-9474-1A3956D46DE8}") = "3-Dominio", "3-Dominio", "{70451C19-838C-494D-BB51-8652BC5D43D8}"
EndProject
Project("{2150E333-8FDC-42A3-9474-1A3956D46DE8}") = "4-Infra", "4-Infra", "{F3E752EC-DC98-4620-AE63-2A145DCBF5F3}"
EndProject
Project("{FAE04EC0-301F-11D3-BF4B-00C04F79EFBC}") = "Pagamentos.Api", "Pagamentos\1-Servicos\Pagamentos.Api\Pagamentos.Api.csproj", "{6CF97F75-EE9D-4A48-8173-000E76814A0F}"
EndProject
Global
	GlobalSection(SolutionConfigurationPlatforms) = preSolution
		Debug|Any CPU = Debug|Any CPU
		Release|Any CPU = Release|Any CPU
	EndGlobalSection
	GlobalSection(ProjectConfigurationPlatforms) = postSolution
		{6CF97F75-EE9D-4A48-8173-000E76814A0F}.Debug|Any CPU.ActiveCfg = Debug|Any CPU
		{6CF97F75-EE9D-4A48-8173-000E76814A0F}.Debug|Any CPU.Build.0 = Debug|Any CPU
		{6CF97F75-EE9D-4A48-8173-000E76814A0F}.Release|Any CPU.ActiveCfg = Release|Any CPU
		{6CF97F75-EE9D-4A48-8173-000E76814A0F}.Release|Any CPU.Build.0 = Release|Any CPU
	EndGlobalSection
	GlobalSection(SolutionProperties) = preSolution
		HideSolutionNode = FALSE
	EndGlobalSection
	GlobalSection(NestedProjects) = preSolution
		{767DD923-F024-4628-A51B-04CDA84141E4} = {27145D0B-7269-4AF9-855F-75E996F7C3F7}
		{C376B12E-8493-48BB-ADD3-8AAC9AE7BBD5} = {27145D0B-7269-4AF9-855F-75E996F7C3F7}
		{70451C19-838C-494D-BB51-8652BC5D43D8} = {27145D0B-7269-4AF9-855F-75E996F7C3F7}
		{F3E752EC-DC98-4620-AE63-2A145DCBF5F3} = {27145D0B-7269-4AF9-855F-75E996F7C3F7}
		{6CF97F75-EE9D-4A48-8173-000E76814A0F} = {767DD923-F024-4628-A51B-04CDA84141E4}
	EndGlobalSection
	GlobalSection(ExtensibilityGlobals) = postSolution
		SolutionGuid = {314EAB53-85B3-40FF-8E53-60CB52BD7554}
	EndGlobalSection
EndGlobal
